
Microsoft Visual Studio Solution File, Format Version 12.00
# Visual Studio 2012
Project("{FAE04EC0-301F-11D3-BF4B-00C04F79EFBC}") = "ProgrammingAssignment5", "ProgrammingAssignment5.csproj", "{8A101FCB-2ACE-432B-9615-A355636BE7FF}"
EndProject
Global
	GlobalSection(SolutionConfigurationPlatforms) = preSolution
		Debug|Any CPU = Debug|Any CPU
		Release|Any CPU = Release|Any CPU
	EndGlobalSection
	GlobalSection(ProjectConfigurationPlatforms) = postSolution
		{8A101FCB-2ACE-432B-9615-A355636BE7FF}.Debug|Any CPU.ActiveCfg = Debug|Any CPU
		{8A101FCB-2ACE-432B-9615-A355636BE7FF}.Debug|Any CPU.Build.0 = Debug|Any CPU
		{8A101FCB-2ACE-432B-9615-A355636BE7FF}.Release|Any CPU.ActiveCfg = Release|Any CPU
		{8A101FCB-2ACE-432B-9615-A355636BE7FF}.Release|Any CPU.Build.0 = Release|Any CPU
	EndGlobalSection
EndGlobal
