
Microsoft Visual Studio Solution File, Format Version 12.00
# Visual Studio 2012
Project("{FAE04EC0-301F-11D3-BF4B-00C04F79EFBC}") = "ProgrammingAssignment5", "ProgrammingAssignment5\ProgrammingAssignment5.csproj", "{2C4C245D-1BD6-4FFB-9D05-147D5B53E4CE}"
EndProject
Global
	GlobalSection(SolutionConfigurationPlatforms) = preSolution
		Debug|Any CPU = Debug|Any CPU
		Release|Any CPU = Release|Any CPU
	EndGlobalSection
	GlobalSection(ProjectConfigurationPlatforms) = postSolution
		{2C4C245D-1BD6-4FFB-9D05-147D5B53E4CE}.Debug|Any CPU.ActiveCfg = Debug|Any CPU
		{2C4C245D-1BD6-4FFB-9D05-147D5B53E4CE}.Debug|Any CPU.Build.0 = Debug|Any CPU
		{2C4C245D-1BD6-4FFB-9D05-147D5B53E4CE}.Release|Any CPU.ActiveCfg = Release|Any CPU
		{2C4C245D-1BD6-4FFB-9D05-147D5B53E4CE}.Release|Any CPU.Build.0 = Release|Any CPU
	EndGlobalSection
EndGlobal
